github.com/TheCacophonyProject/modbus v0.1.0 h1:pJnJX7qQw69fzqLJb7U1zRBFKsGiS2hfRTHdgRZ6Y+M=
github.com/TheCacophonyProject/modbus v0.1.0/go.mod h1:1l3KypcCbJpjMmu6bLKNRAyRcR9C4h8u/pPm4IjUqeY=
github.com/TheCacophonyProject/modbus v0.1.1-0.20190313225014-0d693c0d6871 h1:Bj1oOAmCKAHPcw6t+8zAc22dD4ESBJuJBfXjvLcX+Sw=
github.com/TheCacophonyProject/modbus v0.1.1-0.20190313225014-0d693c0d6871/go.mod h1:1l3KypcCbJpjMmu6bLKNRAyRcR9C4h8u/pPm4IjUqeY=
github.com/TheCacophonyProject/window v0.0.0-20190821235241-ab92c2ee24b6 h1:aLER2Au+/pJe9FzTW7lmQJIOLO8bgio5i/Uzx/EGEmE=
github.com/TheCacophonyProject/window v0.0.0-20190821235241-ab92c2ee24b6/go.mod h1:Vww417iimOb0s46Ndsm8U/vYtwc0dZUet4uW8QzBo4M=
github.com/goburrow/modbus v0.1.0 h1:DejRZY73nEM6+bt5JSP6IsFolJ9dVcqxsYbpLbeW/ro=
github.com/goburrow/modbus v0.1.0/go.mod h1:Kx552D5rLIS8E7TyUwQ/UdHEqvX5T8tyiGBTlzMcZBg=
github.com/goburrow/serial v0.1.0 h1:v2T1SQa/dlUqQiYIT8+Cu7YolfqAi3K96UmhwYyuSrA=
github.com/goburrow/serial v0.1.0/go.mod h1:sAiqG0nRVswsm1C97xsttiYCzSLBmUZ/VSlVLZJ8haA=
github.com/godbus/dbus v0.0.0-20181101234600-2ff6f7ffd60f h1:zlOR3rOlPAVvtfuxGKoghCmop5B0TRyu/ZieziZuGiM=
github.com/godbus/dbus v0.0.0-20181101234600-2ff6f7ffd60f/go.mod h1:/YcGZj5zSblfDWMMoOzV4fas9FZnQYTkDnsGvmh2Grw=
github.com/nathan-osman/go-sunrise v0.0.0-20171121204956-7c449e7c690b h1:nWQAhkNZTyV8tfXIpwSGm97Pd0mM1y9tutJiyWoEhw0=
github.com/nathan-osman/go-sunrise v0.0.0-20171121204956-7c449e7c690b/go.mod h1:kCE4+NvReDuwiJGk03l6QONGmYy805GQP3xGcCm8cBg=
gopkg.in/check.v1 v0.0.0-20161208181325-20d25e280405 h1:yhCVgyC4o1eVCa2tZl7eS0r+SDo693bJlVdllGtEeKM=
gopkg.in/check.v1 v0.0.0-20161208181325-20d25e280405/go.mod h1:Co6ibVJAznAaIkqp8huTwlJQCZ016jof/cbN4VW5Yz0=
gopkg.in/yaml.v2 v2.2.2 h1:ZCJp+EgiOT7lHqUV2J862kp8Qj64Jo6az82+3Td9dZw=
gopkg.in/yaml.v2 v2.2.2/go.mod h1:hI93XBmqTisBFMUTm0b8Fm+jr3Dg1NNxqwp+5A1VGuI=
periph.io/x/periph v0.0.0-20190218125427-df7c7a4f8f86 h1:qyalv/ClPLE2zvu48IhBmqcZZp3+XngDNCIwruFRW78=
periph.io/x/periph v0.0.0-20190218125427-df7c7a4f8f86/go.mod h1:EWr+FCIU2dBWz5/wSWeiIUJTriYv9v2j2ENBmgYyy7Y=
