# This file is autogenerated, do not edit; changes may be undone by the next 'dep ensure'.


[[projects]]
  branch = "master"
  digest = "1:b271ba25891f7e1d9c1e19a8a19b619e030124fceb8dfa6cb42183d792717f50"
  name = "github.com/goburrow/modbus"
  packages = ["."]
  pruneopts = ""
  revision = "0d693c0d6871535ce3c9cba678729cec8de3ff6a"
  source = "https://github.com/TheCacophonyProject/modbus.git"

[[projects]]
  digest = "1:6f474cbff39749761da6dcefa3ba6d870f10e0fe9ef3686a0c572e50cfa1d51f"
  name = "github.com/goburrow/serial"
  packages = ["."]
  pruneopts = ""
  revision = "5efbe925ecf714f8ba147bf2226f2e7afc7111bc"
  version = "v0.1.0"

[[projects]]
  digest = "1:cc1255e2fef3819bfab3540277001e602892dd431ef9ab5499bcdbc425923d64"
  name = "github.com/godbus/dbus"
  packages = [
    ".",
    "introspect",
  ]
  pruneopts = ""
  revision = "2ff6f7ffd60f0f2410b3105864bdd12c7894f844"
  version = "v5.0.1"

[[projects]]
  digest = "1:cedccf16b71e86db87a24f8d4c70b0a855872eb967cb906a66b95de56aefbd0d"
  name = "gopkg.in/yaml.v2"
  packages = ["."]
  pruneopts = ""
  revision = "51d6538a90f86fe93ac480b35f37b2be17fef232"
  version = "v2.2.2"

[[projects]]
  digest = "1:fc039eb7ce53b7c46253f4c6fa15da847e2b6b0142cc7f970e611b5db64403f2"
  name = "periph.io/x/periph"
  packages = [
    ".",
    "conn",
    "conn/gpio",
    "conn/gpio/gpioreg",
    "conn/gpio/gpiostream",
    "conn/i2c",
    "conn/i2c/i2creg",
    "conn/physic",
    "conn/pin",
    "conn/pin/pinreg",
    "conn/spi",
    "conn/spi/spireg",
    "host",
    "host/allwinner",
    "host/am335x",
    "host/bcm283x",
    "host/beagle/black",
    "host/beagle/bone",
    "host/beagle/green",
    "host/chip",
    "host/cpu",
    "host/distro",
    "host/fs",
    "host/odroidc1",
    "host/pine64",
    "host/pmem",
    "host/rpi",
    "host/sysfs",
    "host/videocore",
  ]
  pruneopts = ""
  revision = "df7c7a4f8f86972b1474695daf94a84c9165faed"
  version = "v3.5.0"

[solve-meta]
  analyzer-name = "dep"
  analyzer-version = 1
  input-imports = [
    "github.com/goburrow/modbus",
    "github.com/godbus/dbus",
    "github.com/godbus/dbus/introspect",
    "gopkg.in/yaml.v2",
  ]
  solver-name = "gps-cdcl"
  solver-version = 1
