# This file is autogenerated, do not edit; changes may be undone by the next 'dep ensure'.


[[projects]]
  name = "github.com/goburrow/modbus"
  packages = ["."]
  revision = "606c02f4eef527a1d4cf7d8733d5fd7ba34f91d8"
  version = "v0.1.0"

[[projects]]
  name = "github.com/goburrow/serial"
  packages = ["."]
  revision = "5efbe925ecf714f8ba147bf2226f2e7afc7111bc"
  version = "v0.1.0"

[solve-meta]
  analyzer-name = "dep"
  analyzer-version = 1
  inputs-digest = "b896fb1c8c675454cf5fa9a546b1363d853ee5b6f2404f1ed3ddc3db3cebfa82"
  solver-name = "gps-cdcl"
  solver-version = 1
